// !$*UTF8*$!
{
	archiveVersion = 1;
	classes = {
	};
	objectVersion = 46;
	objects = {

/* Begin PBXBuildFile section */
		5208C2451EF640230029E3B6 /* AppDelegate.swift in Sources */ = {isa = PBXBuildFile; fileRef = 5208C2441EF640230029E3B6 /* AppDelegate.swift */; };
		5208C2471EF640230029E3B6 /* ViewController.swift in Sources */ = {isa = PBXBuildFile; fileRef = 5208C2461EF640230029E3B6 /* ViewController.swift */; };
		5208C24A1EF640230029E3B6 /* Main.storyboard in Resources */ = {isa = PBXBuildFile; fileRef = 5208C2481EF640230029E3B6 /* Main.storyboard */; };
		5208C24C1EF640230029E3B6 /* Assets.xcassets in Resources */ = {isa = PBXBuildFile; fileRef = 5208C24B1EF640230029E3B6 /* Assets.xcassets */; };
		5208C24F1EF640230029E3B6 /* LaunchScreen.storyboard in Resources */ = {isa = PBXBuildFile; fileRef = 5208C24D1EF640230029E3B6 /* LaunchScreen.storyboard */; };
		5208C25A1EF640240029E3B6 /* DemoFirstGitProjectTests.swift in Sources */ = {isa = PBXBuildFile; fileRef = 5208C2591EF640240029E3B6 /* DemoFirstGitProjectTests.swift */; };
		5208C2651EF640240029E3B6 /* DemoFirstGitProjectUITests.swift in Sources */ = {isa = PBXBuildFile; fileRef = 5208C2641EF640240029E3B6 /* DemoFirstGitProjectUITests.swift */; };
/* End PBXBuildFile section */

/* Begin PBXContainerItemProxy section */
		5208C2561EF640230029E3B6 /* PBXContainerItemProxy */ = {
			isa = PBXContainerItemProxy;
			containerPortal = 5208C2391EF640230029E3B6 /* Project object */;
			proxyType = 1;
			remoteGlobalIDString = 5208C2401EF640230029E3B6;
			remoteInfo = DemoFirstGitProject;
		};
		5208C2611EF640240029E3B6 /* PBXContainerItemProxy */ = {
			isa = PBXContainerItemProxy;
			containerPortal = 5208C2391EF640230029E3B6 /* Project object */;
			proxyType = 1;
			remoteGlobalIDString = 5208C2401EF640230029E3B6;
			remoteInfo = DemoFirstGitProject;
		};
/* End PBXContainerItemProxy section */

/* Begin PBXFileReference section */
		5208C2411EF640230029E3B6 /* DemoFirstGitProject.app */ = {isa = PBXFileReference; explicitFileType = wrapper.application; includeInIndex = 0; path = DemoFirstGitProject.app; sourceTree = BUILT_PRODUCTS_DIR; };
		5208C2441EF640230029E3B6 /* AppDelegate.swift */ = {isa = PBXFileReference; lastKnownFileType = sourcecode.swift; path = AppDelegate.swift; sourceTree = "<group>"; };
		5208C2461EF640230029E3B6 /* ViewController.swift */ = {isa = PBXFileReference; lastKnownFileType = sourcecode.swift; path = ViewController.swift; sourceTree = "<group>"; };
		5208C2491EF640230029E3B6 /* Base */ = {isa = PBXFileReference; lastKnownFileType = file.storyboard; name = Base; path = Base.lproj/Main.storyboard; sourceTree = "<group>"; };
		5208C24B1EF640230029E3B6 /* Assets.xcassets */ = {isa = PBXFileReference; lastKnownFileType = folder.assetcatalog; path = Assets.xcassets; sourceTree = "<group>"; };
		5208C24E1EF640230029E3B6 /* Base */ = {isa = PBXFileReference; lastKnownFileType = file.storyboard; name = Base; path = Base.lproj/LaunchScreen.storyboard; sourceTree = "<group>"; };
		5208C2501EF640230029E3B6 /* Info.plist */ = {isa = PBXFileReference; lastKnownFileType = text.plist.xml; path = Info.plist; sourceTree = "<group>"; };
		5208C2551EF640230029E3B6 /* DemoFirstGitProjectTests.xctest */ = {isa = PBXFileReference; explicitFileType = wrapper.cfbundle; includeInIndex = 0; path = DemoFirstGitProjectTests.xctest; sourceTree = BUILT_PRODUCTS_DIR; };
		5208C2591EF640240029E3B6 /* DemoFirstGitProjectTests.swift */ = {isa = PBXFileReference; lastKnownFileType = sourcecode.swift; path = DemoFirstGitProjectTests.swift; sourceTree = "<group>"; };
		5208C25B1EF640240029E3B6 /* Info.plist */ = {isa = PBXFileReference; lastKnownFileType = text.plist.xml; path = Info.plist; sourceTree = "<group>"; };
		5208C2601EF640240029E3B6 /* DemoFirstGitProjectUITests.xctest */ = {isa = PBXFileReference; explicitFileType = wrapper.cfbundle; includeInIndex = 0; path = DemoFirstGitProjectUITests.xctest; sourceTree = BUILT_PRODUCTS_DIR; };
		5208C2641EF640240029E3B6 /* DemoFirstGitProjectUITests.swift */ = {isa = PBXFileReference; lastKnownFileType = sourcecode.swift; path = DemoFirstGitProjectUITests.swift; sourceTree = "<group>"; };
		5208C2661EF640240029E3B6 /* Info.plist */ = {isa = PBXFileReference; lastKnownFileType = text.plist.xml; path = Info.plist; sourceTree = "<group>"; };
/* End PBXFileReference section */

/* Begin PBXFrameworksBuildPhase section */
		5208C23E1EF640230029E3B6 /* Frameworks */ = {
			isa = PBXFrameworksBuildPhase;
			buildActionMask = 2147483647;
			files = (
			);
			runOnlyForDeploymentPostprocessing = 0;
		};
		5208C2521EF640230029E3B6 /* Frameworks */ = {
			isa = PBXFrameworksBuildPhase;
			buildActionMask = 2147483647;
			files = (
			);
			runOnlyForDeploymentPostprocessing = 0;
		};
		5208C25D1EF640240029E3B6 /* Frameworks */ = {
			isa = PBXFrameworksBuildPhase;
			buildActionMask = 2147483647;
			files = (
			);
			runOnlyForDeploymentPostprocessing = 0;
		};
/* End PBXFrameworksBuildPhase section */

/* Begin PBXGroup section */
		5208C2381EF640230029E3B6 = {
			isa = PBXGroup;
			children = (
				5208C2431EF640230029E3B6 /* DemoFirstGitProject */,
				5208C2581EF640240029E3B6 /* DemoFirstGitProjectTests */,
				5208C2631EF640240029E3B6 /* DemoFirstGitProjectUITests */,
				5208C2421EF640230029E3B6 /* Products */,
			);
			sourceTree = "<group>";
		};
		5208C2421EF640230029E3B6 /* Products */ = {
			isa = PBXGroup;
			children = (
				5208C2411EF640230029E3B6 /* DemoFirstGitProject.app */,
				5208C2551EF640230029E3B6 /* DemoFirstGitProjectTests.xctest */,
				5208C2601EF640240029E3B6 /* DemoFirstGitProjectUITests.xctest */,
			);
			name = Products;
			sourceTree = "<group>";
		};
		5208C2431EF640230029E3B6 /* DemoFirstGitProject */ = {
			isa = PBXGroup;
			children = (
				5208C2441EF640230029E3B6 /* AppDelegate.swift */,
				5208C2461EF640230029E3B6 /* ViewController.swift */,
				5208C2481EF640230029E3B6 /* Main.storyboard */,
				5208C24B1EF640230029E3B6 /* Assets.xcassets */,
				5208C24D1EF640230029E3B6 /* LaunchScreen.storyboard */,
				5208C2501EF640230029E3B6 /* Info.plist */,
			);
			path = DemoFirstGitProject;
			sourceTree = "<group>";
		};
		5208C2581EF640240029E3B6 /* DemoFirstGitProjectTests */ = {
			isa = PBXGroup;
			children = (
				5208C2591EF640240029E3B6 /* DemoFirstGitProjectTests.swift */,
				5208C25B1EF640240029E3B6 /* Info.plist */,
			);
			path = DemoFirstGitProjectTests;
			sourceTree = "<group>";
		};
		5208C2631EF640240029E3B6 /* DemoFirstGitProjectUITests */ = {
			isa = PBXGroup;
			children = (
				5208C2641EF640240029E3B6 /* DemoFirstGitProjectUITests.swift */,
				5208C2661EF640240029E3B6 /* Info.plist */,
			);
			path = DemoFirstGitProjectUITests;
			sourceTree = "<group>";
		};
/* End PBXGroup section */

/* Begin PBXNativeTarget section */
		5208C2401EF640230029E3B6 /* DemoFirstGitProject */ = {
			isa = PBXNativeTarget;
			buildConfigurationList = 5208C2691EF640240029E3B6 /* Build configuration list for PBXNativeTarget "DemoFirstGitProject" */;
			buildPhases = (
				5208C23D1EF640230029E3B6 /* Sources */,
				5208C23E1EF640230029E3B6 /* Frameworks */,
				5208C23F1EF640230029E3B6 /* Resources */,
			);
			buildRules = (
			);
			dependencies = (
			);
			name = DemoFirstGitProject;
			productName = DemoFirstGitProject;
			productReference = 5208C2411EF640230029E3B6 /* DemoFirstGitProject.app */;
			productType = "com.apple.product-type.application";
		};
		5208C2541EF640230029E3B6 /* DemoFirstGitProjectTests */ = {
			isa = PBXNativeTarget;
			buildConfigurationList = 5208C26C1EF640240029E3B6 /* Build configuration list for PBXNativeTarget "DemoFirstGitProjectTests" */;
			buildPhases = (
				5208C2511EF640230029E3B6 /* Sources */,
				5208C2521EF640230029E3B6 /* Frameworks */,
				5208C2531EF640230029E3B6 /* Resources */,
			);
			buildRules = (
			);
			dependencies = (
				5208C2571EF640230029E3B6 /* PBXTargetDependency */,
			);
			name = DemoFirstGitProjectTests;
			productName = DemoFirstGitProjectTests;
			productReference = 5208C2551EF640230029E3B6 /* DemoFirstGitProjectTests.xctest */;
			productType = "com.apple.product-type.bundle.unit-test";
		};
		5208C25F1EF640240029E3B6 /* DemoFirstGitProjectUITests */ = {
			isa = PBXNativeTarget;
			buildConfigurationList = 5208C26F1EF640240029E3B6 /* Build configuration list for PBXNativeTarget "DemoFirstGitProjectUITests" */;
			buildPhases = (
				5208C25C1EF640240029E3B6 /* Sources */,
				5208C25D1EF640240029E3B6 /* Frameworks */,
				5208C25E1EF640240029E3B6 /* Resources */,
			);
			buildRules = (
			);
			dependencies = (
				5208C2621EF640240029E3B6 /* PBXTargetDependency */,
			);
			name = DemoFirstGitProjectUITests;
			productName = DemoFirstGitProjectUITests;
			productReference = 5208C2601EF640240029E3B6 /* DemoFirstGitProjectUITests.xctest */;
			productType = "com.apple.product-type.bundle.ui-testing";
		};
/* End PBXNativeTarget section */

/* Begin PBXProject section */
		5208C2391EF640230029E3B6 /* Project object */ = {
			isa = PBXProject;
			attributes = {
				LastSwiftUpdateCheck = 0830;
				LastUpgradeCheck = 0830;
				ORGANIZATIONNAME = "Ravi Gupta";
				TargetAttributes = {
					5208C2401EF640230029E3B6 = {
						CreatedOnToolsVersion = 8.3.2;
						ProvisioningStyle = Automatic;
					};
					5208C2541EF640230029E3B6 = {
						CreatedOnToolsVersion = 8.3.2;
						ProvisioningStyle = Automatic;
						TestTargetID = 5208C2401EF640230029E3B6;
					};
					5208C25F1EF640240029E3B6 = {
						CreatedOnToolsVersion = 8.3.2;
						ProvisioningStyle = Automatic;
						TestTargetID = 5208C2401EF640230029E3B6;
					};
				};
			};
			buildConfigurationList = 5208C23C1EF640230029E3B6 /* Build configuration list for PBXProject "DemoFirstGitProject" */;
			compatibilityVersion = "Xcode 3.2";
			developmentRegion = English;
			hasScannedForEncodings = 0;
			knownRegions = (
				en,
				Base,
			);
			mainGroup = 5208C2381EF640230029E3B6;
			productRefGroup = 5208C2421EF640230029E3B6 /* Products */;
			projectDirPath = "";
			projectRoot = "";
			targets = (
				5208C2401EF640230029E3B6 /* DemoFirstGitProject */,
				5208C2541EF640230029E3B6 /* DemoFirstGitProjectTests */,
				5208C25F1EF640240029E3B6 /* DemoFirstGitProjectUITests */,
			);
		};
/* End PBXProject section */

/* Begin PBXResourcesBuildPhase section */
		5208C23F1EF640230029E3B6 /* Resources */ = {
			isa = PBXResourcesBuildPhase;
			buildActionMask = 2147483647;
			files = (
				5208C24F1EF640230029E3B6 /* LaunchScreen.storyboard in Resources */,
				5208C24C1EF640230029E3B6 /* Assets.xcassets in Resources */,
				5208C24A1EF640230029E3B6 /* Main.storyboard in Resources */,
			);
			runOnlyForDeploymentPostprocessing = 0;
		};
		5208C2531EF640230029E3B6 /* Resources */ = {
			isa = PBXResourcesBuildPhase;
			buildActionMask = 2147483647;
			files = (
			);
			runOnlyForDeploymentPostprocessing = 0;
		};
		5208C25E1EF640240029E3B6 /* Resources */ = {
			isa = PBXResourcesBuildPhase;
			buildActionMask = 2147483647;
			files = (
			);
			runOnlyForDeploymentPostprocessing = 0;
		};
/* End PBXResourcesBuildPhase section */

/* Begin PBXSourcesBuildPhase section */
		5208C23D1EF640230029E3B6 /* Sources */ = {
			isa = PBXSourcesBuildPhase;
			buildActionMask = 2147483647;
			files = (
				5208C2471EF640230029E3B6 /* ViewController.swift in Sources */,
				5208C2451EF640230029E3B6 /* AppDelegate.swift in Sources */,
			);
			runOnlyForDeploymentPostprocessing = 0;
		};
		5208C2511EF640230029E3B6 /* Sources */ = {
			isa = PBXSourcesBuildPhase;
			buildActionMask = 2147483647;
			files = (
				5208C25A1EF640240029E3B6 /* DemoFirstGitProjectTests.swift in Sources */,
			);
			runOnlyForDeploymentPostprocessing = 0;
		};
		5208C25C1EF640240029E3B6 /* Sources */ = {
			isa = PBXSourcesBuildPhase;
			buildActionMask = 2147483647;
			files = (
				5208C2651EF640240029E3B6 /* DemoFirstGitProjectUITests.swift in Sources */,
			);
			runOnlyForDeploymentPostprocessing = 0;
		};
/* End PBXSourcesBuildPhase section */

/* Begin PBXTargetDependency section */
		5208C2571EF640230029E3B6 /* PBXTargetDependency */ = {
			isa = PBXTargetDependency;
			target = 5208C2401EF640230029E3B6 /* DemoFirstGitProject */;
			targetProxy = 5208C2561EF640230029E3B6 /* PBXContainerItemProxy */;
		};
		5208C2621EF640240029E3B6 /* PBXTargetDependency */ = {
			isa = PBXTargetDependency;
			target = 5208C2401EF640230029E3B6 /* DemoFirstGitProject */;
			targetProxy = 5208C2611EF640240029E3B6 /* PBXContainerItemProxy */;
		};
/* End PBXTargetDependency section */

/* Begin PBXVariantGroup section */
		5208C2481EF640230029E3B6 /* Main.storyboard */ = {
			isa = PBXVariantGroup;
			children = (
				5208C2491EF640230029E3B6 /* Base */,
			);
			name = Main.storyboard;
			sourceTree = "<group>";
		};
		5208C24D1EF640230029E3B6 /* LaunchScreen.storyboard */ = {
			isa = PBXVariantGroup;
			children = (
				5208C24E1EF640230029E3B6 /* Base */,
			);
			name = LaunchScreen.storyboard;
			sourceTree = "<group>";
		};
/* End PBXVariantGroup section */

/* Begin XCBuildConfiguration section */
		5208C2671EF640240029E3B6 /* Debug */ = {
			isa = XCBuildConfiguration;
			buildSettings = {
				ALWAYS_SEARCH_USER_PATHS = NO;
				CLANG_ANALYZER_NONNULL = YES;
				CLANG_ANALYZER_NUMBER_OBJECT_CONVERSION = YES_AGGRESSIVE;
				CLANG_CXX_LANGUAGE_STANDARD = "gnu++0x";
				CLANG_CXX_LIBRARY = "libc++";
				CLANG_ENABLE_MODULES = YES;
				CLANG_ENABLE_OBJC_ARC = YES;
				CLANG_WARN_BOOL_CONVERSION = YES;
				CLANG_WARN_CONSTANT_CONVERSION = YES;
				CLANG_WARN_DIRECT_OBJC_ISA_USAGE = YES_ERROR;
				CLANG_WARN_DOCUMENTATION_COMMENTS = YES;
				CLANG_WARN_EMPTY_BODY = YES;
				CLANG_WARN_ENUM_CONVERSION = YES;
				CLANG_WARN_INFINITE_RECURSION = YES;
				CLANG_WARN_INT_CONVERSION = YES;
				CLANG_WARN_OBJC_ROOT_CLASS = YES_ERROR;
				CLANG_WARN_SUSPICIOUS_MOVE = YES;
				CLANG_WARN_UNREACHABLE_CODE = YES;
				CLANG_WARN__DUPLICATE_METHOD_MATCH = YES;
				"CODE_SIGN_IDENTITY[sdk=iphoneos*]" = "iPhone Developer";
				COPY_PHASE_STRIP = NO;
				DEBUG_INFORMATION_FORMAT = dwarf;
				ENABLE_STRICT_OBJC_MSGSEND = YES;
				ENABLE_TESTABILITY = YES;
				GCC_C_LANGUAGE_STANDARD = gnu99;
				GCC_DYNAMIC_NO_PIC = NO;
				GCC_NO_COMMON_BLOCKS = YES;
				GCC_OPTIMIZATION_LEVEL = 0;
				GCC_PREPROCESSOR_DEFINITIONS = (
					"DEBUG=1",
					"$(inherited)",
				);
				GCC_WARN_64_TO_32_BIT_CONVERSION = YES;
				GCC_WARN_ABOUT_RETURN_TYPE = YES_ERROR;
				GCC_WARN_UNDECLARED_SELECTOR = YES;
				GCC_WARN_UNINITIALIZED_AUTOS = YES_AGGRESSIVE;
				GCC_WARN_UNUSED_FUNCTION = YES;
				GCC_WARN_UNUSED_VARIABLE = YES;
				IPHONEOS_DEPLOYMENT_TARGET = 10.3;
				MTL_ENABLE_DEBUG_INFO = YES;
				ONLY_ACTIVE_ARCH = YES;
				SDKROOT = iphoneos;
				SWIFT_ACTIVE_COMPILATION_CONDITIONS = DEBUG;
				SWIFT_OPTIMIZATION_LEVEL = "-Onone";
			};
			name = Debug;
		};
		5208C2681EF640240029E3B6 /* Release */ = {
			isa = XCBuildConfiguration;
			buildSettings = {
				ALWAYS_SEARCH_USER_PATHS = NO;
				CLANG_ANALYZER_NONNULL = YES;
				CLANG_ANALYZER_NUMBER_OBJECT_CONVERSION = YES_AGGRESSIVE;
				CLANG_CXX_LANGUAGE_STANDARD = "gnu++0x";
				CLANG_CXX_LIBRARY = "libc++";
				CLANG_ENABLE_MODULES = YES;
				CLANG_ENABLE_OBJC_ARC = YES;
				CLANG_WARN_BOOL_CONVERSION = YES;
				CLANG_WARN_CONSTANT_CONVERSION = YES;
				CLANG_WARN_DIRECT_OBJC_ISA_USAGE = YES_ERROR;
				CLANG_WARN_DOCUMENTATION_COMMENTS = YES;
				CLANG_WARN_EMPTY_BODY = YES;
				CLANG_WARN_ENUM_CONVERSION = YES;
				CLANG_WARN_INFINITE_RECURSION = YES;
				CLANG_WARN_INT_CONVERSION = YES;
				CLANG_WARN_OBJC_ROOT_CLASS = YES_ERROR;
				CLANG_WARN_SUSPICIOUS_MOVE = YES;
				CLANG_WARN_UNREACHABLE_CODE = YES;
				CLANG_WARN__DUPLICATE_METHOD_MATCH = YES;
				"CODE_SIGN_IDENTITY[sdk=iphoneos*]" = "iPhone Developer";
				COPY_PHASE_STRIP = NO;
				DEBUG_INFORMATION_FORMAT = "dwarf-with-dsym";
				ENABLE_NS_ASSERTIONS = NO;
				ENABLE_STRICT_OBJC_MSGSEND = YES;
				GCC_C_LANGUAGE_STANDARD = gnu99;
				GCC_NO_COMMON_BLOCKS = YES;
				GCC_WARN_64_TO_32_BIT_CONVERSION = YES;
				GCC_WARN_ABOUT_RETURN_TYPE = YES_ERROR;
				GCC_WARN_UNDECLARED_SELECTOR = YES;
				GCC_WARN_UNINITIALIZED_AUTOS = YES_AGGRESSIVE;
				GCC_WARN_UNUSED_FUNCTION = YES;
				GCC_WARN_UNUSED_VARIABLE = YES;
				IPHONEOS_DEPLOYMENT_TARGET = 10.3;
				MTL_ENABLE_DEBUG_INFO = NO;
				SDKROOT = iphoneos;
				SWIFT_OPTIMIZATION_LEVEL = "-Owholemodule";
				VALIDATE_PRODUCT = YES;
			};
			name = Release;
		};
		5208C26A1EF640240029E3B6 /* Debug */ = {
			isa = XCBuildConfiguration;
			buildSettings = {
				ASSETCATALOG_COMPILER_APPICON_NAME = AppIcon;
				INFOPLIST_FILE = DemoFirstGitProject/Info.plist;
				LD_RUNPATH_SEARCH_PATHS = "$(inherited) @executable_path/Frameworks";
				PRODUCT_BUNDLE_IDENTIFIER = RaviGupta.DemoFirstGitProject;
				PRODUCT_NAME = "$(TARGET_NAME)";
				SWIFT_VERSION = 3.0;
			};
			name = Debug;
		};
		5208C26B1EF640240029E3B6 /* Release */ = {
			isa = XCBuildConfiguration;
			buildSettings = {
				ASSETCATALOG_COMPILER_APPICON_NAME = AppIcon;
				INFOPLIST_FILE = DemoFirstGitProject/Info.plist;
				LD_RUNPATH_SEARCH_PATHS = "$(inherited) @executable_path/Frameworks";
				PRODUCT_BUNDLE_IDENTIFIER = RaviGupta.DemoFirstGitProject;
				PRODUCT_NAME = "$(TARGET_NAME)";
				SWIFT_VERSION = 3.0;
			};
			name = Release;
		};
		5208C26D1EF640240029E3B6 /* Debug */ = {
			isa = XCBuildConfiguration;
			buildSettings = {
				ALWAYS_EMBED_SWIFT_STANDARD_LIBRARIES = YES;
				BUNDLE_LOADER = "$(TEST_HOST)";
				INFOPLIST_FILE = DemoFirstGitProjectTests/Info.plist;
				LD_RUNPATH_SEARCH_PATHS = "$(inherited) @executable_path/Frameworks @loader_path/Frameworks";
				PRODUCT_BUNDLE_IDENTIFIER = RaviGupta.DemoFirstGitProjectTests;
				PRODUCT_NAME = "$(TARGET_NAME)";
				SWIFT_VERSION = 3.0;
				TEST_HOST = "$(BUILT_PRODUCTS_DIR)/DemoFirstGitProject.app/DemoFirstGitProject";
			};
			name = Debug;
		};
		5208C26E1EF640240029E3B6 /* Release */ = {
			isa = XCBuildConfiguration;
			buildSettings = {
				ALWAYS_EMBED_SWIFT_STANDARD_LIBRARIES = YES;
				BUNDLE_LOADER = "$(TEST_HOST)";
				INFOPLIST_FILE = DemoFirstGitProjectTests/Info.plist;
				LD_RUNPATH_SEARCH_PATHS = "$(inherited) @executable_path/Frameworks @loader_path/Frameworks";
				PRODUCT_BUNDLE_IDENTIFIER = RaviGupta.DemoFirstGitProjectTests;
				PRODUCT_NAME = "$(TARGET_NAME)";
				SWIFT_VERSION = 3.0;
				TEST_HOST = "$(BUILT_PRODUCTS_DIR)/DemoFirstGitProject.app/DemoFirstGitProject";
			};
			name = Release;
		};
		5208C2701EF640240029E3B6 /* Debug */ = {
			isa = XCBuildConfiguration;
			buildSettings = {
				ALWAYS_EMBED_SWIFT_STANDARD_LIBRARIES = YES;
				INFOPLIST_FILE = DemoFirstGitProjectUITests/Info.plist;
				LD_RUNPATH_SEARCH_PATHS = "$(inherited) @executable_path/Frameworks @loader_path/Frameworks";
				PRODUCT_BUNDLE_IDENTIFIER = RaviGupta.DemoFirstGitProjectUITests;
				PRODUCT_NAME = "$(TARGET_NAME)";
				SWIFT_VERSION = 3.0;
				TEST_TARGET_NAME = DemoFirstGitProject;
			};
			name = Debug;
		};
		5208C2711EF640240029E3B6 /* Release */ = {
			isa = XCBuildConfiguration;
			buildSettings = {
				ALWAYS_EMBED_SWIFT_STANDARD_LIBRARIES = YES;
				INFOPLIST_FILE = DemoFirstGitProjectUITests/Info.plist;
				LD_RUNPATH_SEARCH_PATHS = "$(inherited) @executable_path/Frameworks @loader_path/Frameworks";
				PRODUCT_BUNDLE_IDENTIFIER = RaviGupta.DemoFirstGitProjectUITests;
				PRODUCT_NAME = "$(TARGET_NAME)";
				SWIFT_VERSION = 3.0;
				TEST_TARGET_NAME = DemoFirstGitProject;
			};
			name = Release;
		};
/* End XCBuildConfiguration section */

/* Begin XCConfigurationList section */
		5208C23C1EF640230029E3B6 /* Build configuration list for PBXProject "DemoFirstGitProject" */ = {
			isa = XCConfigurationList;
			buildConfigurations = (
				5208C2671EF640240029E3B6 /* Debug */,
				5208C2681EF640240029E3B6 /* Release */,
			);
			defaultConfigurationIsVisible = 0;
			defaultConfigurationName = Release;
		};
		5208C2691EF640240029E3B6 /* Build configuration list for PBXNativeTarget "DemoFirstGitProject" */ = {
			isa = XCConfigurationList;
			buildConfigurations = (
				5208C26A1EF640240029E3B6 /* Debug */,
				5208C26B1EF640240029E3B6 /* Release */,
			);
			defaultConfigurationIsVisible = 0;
		};
		5208C26C1EF640240029E3B6 /* Build configuration list for PBXNativeTarget "DemoFirstGitProjectTests" */ = {
			isa = XCConfigurationList;
			buildConfigurations = (
				5208C26D1EF640240029E3B6 /* Debug */,
				5208C26E1EF640240029E3B6 /* Release */,
			);
			defaultConfigurationIsVisible = 0;
		};
		5208C26F1EF640240029E3B6 /* Build configuration list for PBXNativeTarget "DemoFirstGitProjectUITests" */ = {
			isa = XCConfigurationList;
			buildConfigurations = (
				5208C2701EF640240029E3B6 /* Debug */,
				5208C2711EF640240029E3B6 /* Release */,
			);
			defaultConfigurationIsVisible = 0;
		};
/* End XCConfigurationList section */
	};
	rootObject = 5208C2391EF640230029E3B6 /* Project object */;
}
